
Microsoft Visual Studio Solution File, Format Version 12.00
# Visual Studio Version 17
VisualStudioVersion = 17.14.36518.9 d17.14
MinimumVisualStudioVersion = 10.0.40219.1
Project("{FAE04EC0-301F-11D3-BF4B-00C04F79EFBC}") = "MoneyBank", "MoneyBank.csproj", "{21D82743-B28D-448E-B6F5-F2C23CF758A5}"
EndProject
Global
	GlobalSection(SolutionConfigurationPlatforms) = preSolution
		Debug|Any CPU = Debug|Any CPU
		Release|Any CPU = Release|Any CPU
	EndGlobalSection
	GlobalSection(ProjectConfigurationPlatforms) = postSolution
		{21D82743-B28D-448E-B6F5-F2C23CF758A5}.Debug|Any CPU.ActiveCfg = Debug|Any CPU
		{21D82743-B28D-448E-B6F5-F2C23CF758A5}.Debug|Any CPU.Build.0 = Debug|Any CPU
		{21D82743-B28D-448E-B6F5-F2C23CF758A5}.Release|Any CPU.ActiveCfg = Release|Any CPU
		{21D82743-B28D-448E-B6F5-F2C23CF758A5}.Release|Any CPU.Build.0 = Release|Any CPU
	EndGlobalSection
	GlobalSection(SolutionProperties) = preSolution
		HideSolutionNode = FALSE
	EndGlobalSection
	GlobalSection(ExtensibilityGlobals) = postSolution
		SolutionGuid = {2E36281B-2248-491C-8B85-045A6C11D266}
	EndGlobalSection
EndGlobal
